github.com/andy1219111/influx-client v0.0.0-20200316044539-c4e0a8ece875 h1:xfw+gKk8FEKTOx5uRy61XF7lym8SEySDFkAVozwIMI4=
github.com/andy1219111/influx-client v0.0.0-20200316044539-c4e0a8ece875/go.mod h1:RIKv02czBIsvhmMhZgNYOWI5jDB7+ElkPNAv3P4GW3E=
github.com/influxdata/influxdb1-client v0.0.0-20191209144304-8bf82d3c094d h1:/WZQPMZNsjZ7IlCpsLGdQBINg5bxKQ1K1sh6awxLtkA=
github.com/influxdata/influxdb1-client v0.0.0-20191209144304-8bf82d3c094d/go.mod h1:qj24IKcXYK6Iy9ceXlo3Tc+vtHo9lIhSX5JddghvEPo=
